// !$*UTF8*$!
{
	archiveVersion = 1;
	classes = {
	};
	objectVersion = 50;
	objects = {

/* Begin PBXBuildFile section */
		12D05A632583FC1300E15607 /* AppDelegate.swift in Sources */ = {isa = PBXBuildFile; fileRef = 12D05A622583FC1300E15607 /* AppDelegate.swift */; };
		12D05A652583FC1300E15607 /* SceneDelegate.swift in Sources */ = {isa = PBXBuildFile; fileRef = 12D05A642583FC1300E15607 /* SceneDelegate.swift */; };
		12D05A672583FC1300E15607 /* ViewController.swift in Sources */ = {isa = PBXBuildFile; fileRef = 12D05A662583FC1300E15607 /* ViewController.swift */; };
		12D05A6A2583FC1300E15607 /* Main.storyboard in Resources */ = {isa = PBXBuildFile; fileRef = 12D05A682583FC1300E15607 /* Main.storyboard */; };
		12D05A6C2583FC1600E15607 /* Assets.xcassets in Resources */ = {isa = PBXBuildFile; fileRef = 12D05A6B2583FC1600E15607 /* Assets.xcassets */; };
		12D05A6F2583FC1600E15607 /* LaunchScreen.storyboard in Resources */ = {isa = PBXBuildFile; fileRef = 12D05A6D2583FC1600E15607 /* LaunchScreen.storyboard */; };
		12D05A7A2583FC1600E15607 /* tipTests.swift in Sources */ = {isa = PBXBuildFile; fileRef = 12D05A792583FC1600E15607 /* tipTests.swift */; };
		12D05A852583FC1600E15607 /* tipUITests.swift in Sources */ = {isa = PBXBuildFile; fileRef = 12D05A842583FC1600E15607 /* tipUITests.swift */; };
/* End PBXBuildFile section */

/* Begin PBXContainerItemProxy section */
		12D05A762583FC1600E15607 /* PBXContainerItemProxy */ = {
			isa = PBXContainerItemProxy;
			containerPortal = 12D05A572583FC1200E15607 /* Project object */;
			proxyType = 1;
			remoteGlobalIDString = 12D05A5E2583FC1300E15607;
			remoteInfo = tip;
		};
		12D05A812583FC1600E15607 /* PBXContainerItemProxy */ = {
			isa = PBXContainerItemProxy;
			containerPortal = 12D05A572583FC1200E15607 /* Project object */;
			proxyType = 1;
			remoteGlobalIDString = 12D05A5E2583FC1300E15607;
			remoteInfo = tip;
		};
/* End PBXContainerItemProxy section */

/* Begin PBXFileReference section */
		12D05A5F2583FC1300E15607 /* tip.app */ = {isa = PBXFileReference; explicitFileType = wrapper.application; includeInIndex = 0; path = tip.app; sourceTree = BUILT_PRODUCTS_DIR; };
		12D05A622583FC1300E15607 /* AppDelegate.swift */ = {isa = PBXFileReference; lastKnownFileType = sourcecode.swift; path = AppDelegate.swift; sourceTree = "<group>"; };
		12D05A642583FC1300E15607 /* SceneDelegate.swift */ = {isa = PBXFileReference; lastKnownFileType = sourcecode.swift; path = SceneDelegate.swift; sourceTree = "<group>"; };
		12D05A662583FC1300E15607 /* ViewController.swift */ = {isa = PBXFileReference; lastKnownFileType = sourcecode.swift; path = ViewController.swift; sourceTree = "<group>"; };
		12D05A692583FC1300E15607 /* Base */ = {isa = PBXFileReference; lastKnownFileType = file.storyboard; name = Base; path = Base.lproj/Main.storyboard; sourceTree = "<group>"; };
		12D05A6B2583FC1600E15607 /* Assets.xcassets */ = {isa = PBXFileReference; lastKnownFileType = folder.assetcatalog; path = Assets.xcassets; sourceTree = "<group>"; };
		12D05A6E2583FC1600E15607 /* Base */ = {isa = PBXFileReference; lastKnownFileType = file.storyboard; name = Base; path = Base.lproj/LaunchScreen.storyboard; sourceTree = "<group>"; };
		12D05A702583FC1600E15607 /* Info.plist */ = {isa = PBXFileReference; lastKnownFileType = text.plist.xml; path = Info.plist; sourceTree = "<group>"; };
		12D05A752583FC1600E15607 /* tipTests.xctest */ = {isa = PBXFileReference; explicitFileType = wrapper.cfbundle; includeInIndex = 0; path = tipTests.xctest; sourceTree = BUILT_PRODUCTS_DIR; };
		12D05A792583FC1600E15607 /* tipTests.swift */ = {isa = PBXFileReference; lastKnownFileType = sourcecode.swift; path = tipTests.swift; sourceTree = "<group>"; };
		12D05A7B2583FC1600E15607 /* Info.plist */ = {isa = PBXFileReference; lastKnownFileType = text.plist.xml; path = Info.plist; sourceTree = "<group>"; };
		12D05A802583FC1600E15607 /* tipUITests.xctest */ = {isa = PBXFileReference; explicitFileType = wrapper.cfbundle; includeInIndex = 0; path = tipUITests.xctest; sourceTree = BUILT_PRODUCTS_DIR; };
		12D05A842583FC1600E15607 /* tipUITests.swift */ = {isa = PBXFileReference; lastKnownFileType = sourcecode.swift; path = tipUITests.swift; sourceTree = "<group>"; };
		12D05A862583FC1600E15607 /* Info.plist */ = {isa = PBXFileReference; lastKnownFileType = text.plist.xml; path = Info.plist; sourceTree = "<group>"; };
/* End PBXFileReference section */

/* Begin PBXFrameworksBuildPhase section */
		12D05A5C2583FC1300E15607 /* Frameworks */ = {
			isa = PBXFrameworksBuildPhase;
			buildActionMask = 2147483647;
			files = (
			);
			runOnlyForDeploymentPostprocessing = 0;
		};
		12D05A722583FC1600E15607 /* Frameworks */ = {
			isa = PBXFrameworksBuildPhase;
			buildActionMask = 2147483647;
			files = (
			);
			runOnlyForDeploymentPostprocessing = 0;
		};
		12D05A7D2583FC1600E15607 /* Frameworks */ = {
			isa = PBXFrameworksBuildPhase;
			buildActionMask = 2147483647;
			files = (
			);
			runOnlyForDeploymentPostprocessing = 0;
		};
/* End PBXFrameworksBuildPhase section */

/* Begin PBXGroup section */
		12D05A562583FC1200E15607 = {
			isa = PBXGroup;
			children = (
				12D05A612583FC1300E15607 /* tip */,
				12D05A782583FC1600E15607 /* tipTests */,
				12D05A832583FC1600E15607 /* tipUITests */,
				12D05A602583FC1300E15607 /* Products */,
			);
			sourceTree = "<group>";
		};
		12D05A602583FC1300E15607 /* Products */ = {
			isa = PBXGroup;
			children = (
				12D05A5F2583FC1300E15607 /* tip.app */,
				12D05A752583FC1600E15607 /* tipTests.xctest */,
				12D05A802583FC1600E15607 /* tipUITests.xctest */,
			);
			name = Products;
			sourceTree = "<group>";
		};
		12D05A612583FC1300E15607 /* tip */ = {
			isa = PBXGroup;
			children = (
				12D05A622583FC1300E15607 /* AppDelegate.swift */,
				12D05A642583FC1300E15607 /* SceneDelegate.swift */,
				12D05A662583FC1300E15607 /* ViewController.swift */,
				12D05A682583FC1300E15607 /* Main.storyboard */,
				12D05A6B2583FC1600E15607 /* Assets.xcassets */,
				12D05A6D2583FC1600E15607 /* LaunchScreen.storyboard */,
				12D05A702583FC1600E15607 /* Info.plist */,
			);
			path = tip;
			sourceTree = "<group>";
		};
		12D05A782583FC1600E15607 /* tipTests */ = {
			isa = PBXGroup;
			children = (
				12D05A792583FC1600E15607 /* tipTests.swift */,
				12D05A7B2583FC1600E15607 /* Info.plist */,
			);
			path = tipTests;
			sourceTree = "<group>";
		};
		12D05A832583FC1600E15607 /* tipUITests */ = {
			isa = PBXGroup;
			children = (
				12D05A842583FC1600E15607 /* tipUITests.swift */,
				12D05A862583FC1600E15607 /* Info.plist */,
			);
			path = tipUITests;
			sourceTree = "<group>";
		};
/* End PBXGroup section */

/* Begin PBXNativeTarget section */
		12D05A5E2583FC1300E15607 /* tip */ = {
			isa = PBXNativeTarget;
			buildConfigurationList = 12D05A892583FC1600E15607 /* Build configuration list for PBXNativeTarget "tip" */;
			buildPhases = (
				12D05A5B2583FC1300E15607 /* Sources */,
				12D05A5C2583FC1300E15607 /* Frameworks */,
				12D05A5D2583FC1300E15607 /* Resources */,
			);
			buildRules = (
			);
			dependencies = (
			);
			name = tip;
			productName = tip;
			productReference = 12D05A5F2583FC1300E15607 /* tip.app */;
			productType = "com.apple.product-type.application";
		};
		12D05A742583FC1600E15607 /* tipTests */ = {
			isa = PBXNativeTarget;
			buildConfigurationList = 12D05A8C2583FC1600E15607 /* Build configuration list for PBXNativeTarget "tipTests" */;
			buildPhases = (
				12D05A712583FC1600E15607 /* Sources */,
				12D05A722583FC1600E15607 /* Frameworks */,
				12D05A732583FC1600E15607 /* Resources */,
			);
			buildRules = (
			);
			dependencies = (
				12D05A772583FC1600E15607 /* PBXTargetDependency */,
			);
			name = tipTests;
			productName = tipTests;
			productReference = 12D05A752583FC1600E15607 /* tipTests.xctest */;
			productType = "com.apple.product-type.bundle.unit-test";
		};
		12D05A7F2583FC1600E15607 /* tipUITests */ = {
			isa = PBXNativeTarget;
			buildConfigurationList = 12D05A8F2583FC1600E15607 /* Build configuration list for PBXNativeTarget "tipUITests" */;
			buildPhases = (
				12D05A7C2583FC1600E15607 /* Sources */,
				12D05A7D2583FC1600E15607 /* Frameworks */,
				12D05A7E2583FC1600E15607 /* Resources */,
			);
			buildRules = (
			);
			dependencies = (
				12D05A822583FC1600E15607 /* PBXTargetDependency */,
			);
			name = tipUITests;
			productName = tipUITests;
			productReference = 12D05A802583FC1600E15607 /* tipUITests.xctest */;
			productType = "com.apple.product-type.bundle.ui-testing";
		};
/* End PBXNativeTarget section */

/* Begin PBXProject section */
		12D05A572583FC1200E15607 /* Project object */ = {
			isa = PBXProject;
			attributes = {
				LastSwiftUpdateCheck = 1220;
				LastUpgradeCheck = 1220;
				TargetAttributes = {
					12D05A5E2583FC1300E15607 = {
						CreatedOnToolsVersion = 12.2;
					};
					12D05A742583FC1600E15607 = {
						CreatedOnToolsVersion = 12.2;
						TestTargetID = 12D05A5E2583FC1300E15607;
					};
					12D05A7F2583FC1600E15607 = {
						CreatedOnToolsVersion = 12.2;
						TestTargetID = 12D05A5E2583FC1300E15607;
					};
				};
			};
			buildConfigurationList = 12D05A5A2583FC1200E15607 /* Build configuration list for PBXProject "tip" */;
			compatibilityVersion = "Xcode 9.3";
			developmentRegion = en;
			hasScannedForEncodings = 0;
			knownRegions = (
				en,
				Base,
			);
			mainGroup = 12D05A562583FC1200E15607;
			productRefGroup = 12D05A602583FC1300E15607 /* Products */;
			projectDirPath = "";
			projectRoot = "";
			targets = (
				12D05A5E2583FC1300E15607 /* tip */,
				12D05A742583FC1600E15607 /* tipTests */,
				12D05A7F2583FC1600E15607 /* tipUITests */,
			);
		};
/* End PBXProject section */

/* Begin PBXResourcesBuildPhase section */
		12D05A5D2583FC1300E15607 /* Resources */ = {
			isa = PBXResourcesBuildPhase;
			buildActionMask = 2147483647;
			files = (
				12D05A6F2583FC1600E15607 /* LaunchScreen.storyboard in Resources */,
				12D05A6C2583FC1600E15607 /* Assets.xcassets in Resources */,
				12D05A6A2583FC1300E15607 /* Main.storyboard in Resources */,
			);
			runOnlyForDeploymentPostprocessing = 0;
		};
		12D05A732583FC1600E15607 /* Resources */ = {
			isa = PBXResourcesBuildPhase;
			buildActionMask = 2147483647;
			files = (
			);
			runOnlyForDeploymentPostprocessing = 0;
		};
		12D05A7E2583FC1600E15607 /* Resources */ = {
			isa = PBXResourcesBuildPhase;
			buildActionMask = 2147483647;
			files = (
			);
			runOnlyForDeploymentPostprocessing = 0;
		};
/* End PBXResourcesBuildPhase section */

/* Begin PBXSourcesBuildPhase section */
		12D05A5B2583FC1300E15607 /* Sources */ = {
			isa = PBXSourcesBuildPhase;
			buildActionMask = 2147483647;
			files = (
				12D05A672583FC1300E15607 /* ViewController.swift in Sources */,
				12D05A632583FC1300E15607 /* AppDelegate.swift in Sources */,
				12D05A652583FC1300E15607 /* SceneDelegate.swift in Sources */,
			);
			runOnlyForDeploymentPostprocessing = 0;
		};
		12D05A712583FC1600E15607 /* Sources */ = {
			isa = PBXSourcesBuildPhase;
			buildActionMask = 2147483647;
			files = (
				12D05A7A2583FC1600E15607 /* tipTests.swift in Sources */,
			);
			runOnlyForDeploymentPostprocessing = 0;
		};
		12D05A7C2583FC1600E15607 /* Sources */ = {
			isa = PBXSourcesBuildPhase;
			buildActionMask = 2147483647;
			files = (
				12D05A852583FC1600E15607 /* tipUITests.swift in Sources */,
			);
			runOnlyForDeploymentPostprocessing = 0;
		};
/* End PBXSourcesBuildPhase section */

/* Begin PBXTargetDependency section */
		12D05A772583FC1600E15607 /* PBXTargetDependency */ = {
			isa = PBXTargetDependency;
			target = 12D05A5E2583FC1300E15607 /* tip */;
			targetProxy = 12D05A762583FC1600E15607 /* PBXContainerItemProxy */;
		};
		12D05A822583FC1600E15607 /* PBXTargetDependency */ = {
			isa = PBXTargetDependency;
			target = 12D05A5E2583FC1300E15607 /* tip */;
			targetProxy = 12D05A812583FC1600E15607 /* PBXContainerItemProxy */;
		};
/* End PBXTargetDependency section */

/* Begin PBXVariantGroup section */
		12D05A682583FC1300E15607 /* Main.storyboard */ = {
			isa = PBXVariantGroup;
			children = (
				12D05A692583FC1300E15607 /* Base */,
			);
			name = Main.storyboard;
			sourceTree = "<group>";
		};
		12D05A6D2583FC1600E15607 /* LaunchScreen.storyboard */ = {
			isa = PBXVariantGroup;
			children = (
				12D05A6E2583FC1600E15607 /* Base */,
			);
			name = LaunchScreen.storyboard;
			sourceTree = "<group>";
		};
/* End PBXVariantGroup section */

/* Begin XCBuildConfiguration section */
		12D05A872583FC1600E15607 /* Debug */ = {
			isa = XCBuildConfiguration;
			buildSettings = {
				ALWAYS_SEARCH_USER_PATHS = NO;
				CLANG_ANALYZER_NONNULL = YES;
				CLANG_ANALYZER_NUMBER_OBJECT_CONVERSION = YES_AGGRESSIVE;
				CLANG_CXX_LANGUAGE_STANDARD = "gnu++14";
				CLANG_CXX_LIBRARY = "libc++";
				CLANG_ENABLE_MODULES = YES;
				CLANG_ENABLE_OBJC_ARC = YES;
				CLANG_ENABLE_OBJC_WEAK = YES;
				CLANG_WARN_BLOCK_CAPTURE_AUTORELEASING = YES;
				CLANG_WARN_BOOL_CONVERSION = YES;
				CLANG_WARN_COMMA = YES;
				CLANG_WARN_CONSTANT_CONVERSION = YES;
				CLANG_WARN_DEPRECATED_OBJC_IMPLEMENTATIONS = YES;
				CLANG_WARN_DIRECT_OBJC_ISA_USAGE = YES_ERROR;
				CLANG_WARN_DOCUMENTATION_COMMENTS = YES;
				CLANG_WARN_EMPTY_BODY = YES;
				CLANG_WARN_ENUM_CONVERSION = YES;
				CLANG_WARN_INFINITE_RECURSION = YES;
				CLANG_WARN_INT_CONVERSION = YES;
				CLANG_WARN_NON_LITERAL_NULL_CONVERSION = YES;
				CLANG_WARN_OBJC_IMPLICIT_RETAIN_SELF = YES;
				CLANG_WARN_OBJC_LITERAL_CONVERSION = YES;
				CLANG_WARN_OBJC_ROOT_CLASS = YES_ERROR;
				CLANG_WARN_QUOTED_INCLUDE_IN_FRAMEWORK_HEADER = YES;
				CLANG_WARN_RANGE_LOOP_ANALYSIS = YES;
				CLANG_WARN_STRICT_PROTOTYPES = YES;
				CLANG_WARN_SUSPICIOUS_MOVE = YES;
				CLANG_WARN_UNGUARDED_AVAILABILITY = YES_AGGRESSIVE;
				CLANG_WARN_UNREACHABLE_CODE = YES;
				CLANG_WARN__DUPLICATE_METHOD_MATCH = YES;
				COPY_PHASE_STRIP = NO;
				DEBUG_INFORMATION_FORMAT = dwarf;
				ENABLE_STRICT_OBJC_MSGSEND = YES;
				ENABLE_TESTABILITY = YES;
				GCC_C_LANGUAGE_STANDARD = gnu11;
				GCC_DYNAMIC_NO_PIC = NO;
				GCC_NO_COMMON_BLOCKS = YES;
				GCC_OPTIMIZATION_LEVEL = 0;
				GCC_PREPROCESSOR_DEFINITIONS = (
					"DEBUG=1",
					"$(inherited)",
				);
				GCC_WARN_64_TO_32_BIT_CONVERSION = YES;
				GCC_WARN_ABOUT_RETURN_TYPE = YES_ERROR;
				GCC_WARN_UNDECLARED_SELECTOR = YES;
				GCC_WARN_UNINITIALIZED_AUTOS = YES_AGGRESSIVE;
				GCC_WARN_UNUSED_FUNCTION = YES;
				GCC_WARN_UNUSED_VARIABLE = YES;
				IPHONEOS_DEPLOYMENT_TARGET = 14.2;
				MTL_ENABLE_DEBUG_INFO = INCLUDE_SOURCE;
				MTL_FAST_MATH = YES;
				ONLY_ACTIVE_ARCH = YES;
				SDKROOT = iphoneos;
				SWIFT_ACTIVE_COMPILATION_CONDITIONS = DEBUG;
				SWIFT_OPTIMIZATION_LEVEL = "-Onone";
			};
			name = Debug;
		};
		12D05A882583FC1600E15607 /* Release */ = {
			isa = XCBuildConfiguration;
			buildSettings = {
				ALWAYS_SEARCH_USER_PATHS = NO;
				CLANG_ANALYZER_NONNULL = YES;
				CLANG_ANALYZER_NUMBER_OBJECT_CONVERSION = YES_AGGRESSIVE;
				CLANG_CXX_LANGUAGE_STANDARD = "gnu++14";
				CLANG_CXX_LIBRARY = "libc++";
				CLANG_ENABLE_MODULES = YES;
				CLANG_ENABLE_OBJC_ARC = YES;
				CLANG_ENABLE_OBJC_WEAK = YES;
				CLANG_WARN_BLOCK_CAPTURE_AUTORELEASING = YES;
				CLANG_WARN_BOOL_CONVERSION = YES;
				CLANG_WARN_COMMA = YES;
				CLANG_WARN_CONSTANT_CONVERSION = YES;
				CLANG_WARN_DEPRECATED_OBJC_IMPLEMENTATIONS = YES;
				CLANG_WARN_DIRECT_OBJC_ISA_USAGE = YES_ERROR;
				CLANG_WARN_DOCUMENTATION_COMMENTS = YES;
				CLANG_WARN_EMPTY_BODY = YES;
				CLANG_WARN_ENUM_CONVERSION = YES;
				CLANG_WARN_INFINITE_RECURSION = YES;
				CLANG_WARN_INT_CONVERSION = YES;
				CLANG_WARN_NON_LITERAL_NULL_CONVERSION = YES;
				CLANG_WARN_OBJC_IMPLICIT_RETAIN_SELF = YES;
				CLANG_WARN_OBJC_LITERAL_CONVERSION = YES;
				CLANG_WARN_OBJC_ROOT_CLASS = YES_ERROR;
				CLANG_WARN_QUOTED_INCLUDE_IN_FRAMEWORK_HEADER = YES;
				CLANG_WARN_RANGE_LOOP_ANALYSIS = YES;
				CLANG_WARN_STRICT_PROTOTYPES = YES;
				CLANG_WARN_SUSPICIOUS_MOVE = YES;
				CLANG_WARN_UNGUARDED_AVAILABILITY = YES_AGGRESSIVE;
				CLANG_WARN_UNREACHABLE_CODE = YES;
				CLANG_WARN__DUPLICATE_METHOD_MATCH = YES;
				COPY_PHASE_STRIP = NO;
				DEBUG_INFORMATION_FORMAT = "dwarf-with-dsym";
				ENABLE_NS_ASSERTIONS = NO;
				ENABLE_STRICT_OBJC_MSGSEND = YES;
				GCC_C_LANGUAGE_STANDARD = gnu11;
				GCC_NO_COMMON_BLOCKS = YES;
				GCC_WARN_64_TO_32_BIT_CONVERSION = YES;
				GCC_WARN_ABOUT_RETURN_TYPE = YES_ERROR;
				GCC_WARN_UNDECLARED_SELECTOR = YES;
				GCC_WARN_UNINITIALIZED_AUTOS = YES_AGGRESSIVE;
				GCC_WARN_UNUSED_FUNCTION = YES;
				GCC_WARN_UNUSED_VARIABLE = YES;
				IPHONEOS_DEPLOYMENT_TARGET = 14.2;
				MTL_ENABLE_DEBUG_INFO = NO;
				MTL_FAST_MATH = YES;
				SDKROOT = iphoneos;
				SWIFT_COMPILATION_MODE = wholemodule;
				SWIFT_OPTIMIZATION_LEVEL = "-O";
				VALIDATE_PRODUCT = YES;
			};
			name = Release;
		};
		12D05A8A2583FC1600E15607 /* Debug */ = {
			isa = XCBuildConfiguration;
			buildSettings = {
				ASSETCATALOG_COMPILER_APPICON_NAME = AppIcon;
				ASSETCATALOG_COMPILER_GLOBAL_ACCENT_COLOR_NAME = AccentColor;
				CODE_SIGN_STYLE = Automatic;
				INFOPLIST_FILE = tip/Info.plist;
				LD_RUNPATH_SEARCH_PATHS = (
					"$(inherited)",
					"@executable_path/Frameworks",
				);
				PRODUCT_BUNDLE_IDENTIFIER = Codepath.tip;
				PRODUCT_NAME = "$(TARGET_NAME)";
				SWIFT_VERSION = 5.0;
				TARGETED_DEVICE_FAMILY = "1,2";
			};
			name = Debug;
		};
		12D05A8B2583FC1600E15607 /* Release */ = {
			isa = XCBuildConfiguration;
			buildSettings = {
				ASSETCATALOG_COMPILER_APPICON_NAME = AppIcon;
				ASSETCATALOG_COMPILER_GLOBAL_ACCENT_COLOR_NAME = AccentColor;
				CODE_SIGN_STYLE = Automatic;
				INFOPLIST_FILE = tip/Info.plist;
				LD_RUNPATH_SEARCH_PATHS = (
					"$(inherited)",
					"@executable_path/Frameworks",
				);
				PRODUCT_BUNDLE_IDENTIFIER = Codepath.tip;
				PRODUCT_NAME = "$(TARGET_NAME)";
				SWIFT_VERSION = 5.0;
				TARGETED_DEVICE_FAMILY = "1,2";
			};
			name = Release;
		};
		12D05A8D2583FC1600E15607 /* Debug */ = {
			isa = XCBuildConfiguration;
			buildSettings = {
				ALWAYS_EMBED_SWIFT_STANDARD_LIBRARIES = YES;
				BUNDLE_LOADER = "$(TEST_HOST)";
				CODE_SIGN_STYLE = Automatic;
				INFOPLIST_FILE = tipTests/Info.plist;
				IPHONEOS_DEPLOYMENT_TARGET = 14.2;
				LD_RUNPATH_SEARCH_PATHS = (
					"$(inherited)",
					"@executable_path/Frameworks",
					"@loader_path/Frameworks",
				);
				PRODUCT_BUNDLE_IDENTIFIER = Codepath.tipTests;
				PRODUCT_NAME = "$(TARGET_NAME)";
				SWIFT_VERSION = 5.0;
				TARGETED_DEVICE_FAMILY = "1,2";
				TEST_HOST = "$(BUILT_PRODUCTS_DIR)/tip.app/tip";
			};
			name = Debug;
		};
		12D05A8E2583FC1600E15607 /* Release */ = {
			isa = XCBuildConfiguration;
			buildSettings = {
				ALWAYS_EMBED_SWIFT_STANDARD_LIBRARIES = YES;
				BUNDLE_LOADER = "$(TEST_HOST)";
				CODE_SIGN_STYLE = Automatic;
				INFOPLIST_FILE = tipTests/Info.plist;
				IPHONEOS_DEPLOYMENT_TARGET = 14.2;
				LD_RUNPATH_SEARCH_PATHS = (
					"$(inherited)",
					"@executable_path/Frameworks",
					"@loader_path/Frameworks",
				);
				PRODUCT_BUNDLE_IDENTIFIER = Codepath.tipTests;
				PRODUCT_NAME = "$(TARGET_NAME)";
				SWIFT_VERSION = 5.0;
				TARGETED_DEVICE_FAMILY = "1,2";
				TEST_HOST = "$(BUILT_PRODUCTS_DIR)/tip.app/tip";
			};
			name = Release;
		};
		12D05A902583FC1600E15607 /* Debug */ = {
			isa = XCBuildConfiguration;
			buildSettings = {
				ALWAYS_EMBED_SWIFT_STANDARD_LIBRARIES = YES;
				CODE_SIGN_STYLE = Automatic;
				INFOPLIST_FILE = tipUITests/Info.plist;
				LD_RUNPATH_SEARCH_PATHS = (
					"$(inherited)",
					"@executable_path/Frameworks",
					"@loader_path/Frameworks",
				);
				PRODUCT_BUNDLE_IDENTIFIER = Codepath.tipUITests;
				PRODUCT_NAME = "$(TARGET_NAME)";
				SWIFT_VERSION = 5.0;
				TARGETED_DEVICE_FAMILY = "1,2";
				TEST_TARGET_NAME = tip;
			};
			name = Debug;
		};
		12D05A912583FC1600E15607 /* Release */ = {
			isa = XCBuildConfiguration;
			buildSettings = {
				ALWAYS_EMBED_SWIFT_STANDARD_LIBRARIES = YES;
				CODE_SIGN_STYLE = Automatic;
				INFOPLIST_FILE = tipUITests/Info.plist;
				LD_RUNPATH_SEARCH_PATHS = (
					"$(inherited)",
					"@executable_path/Frameworks",
					"@loader_path/Frameworks",
				);
				PRODUCT_BUNDLE_IDENTIFIER = Codepath.tipUITests;
				PRODUCT_NAME = "$(TARGET_NAME)";
				SWIFT_VERSION = 5.0;
				TARGETED_DEVICE_FAMILY = "1,2";
				TEST_TARGET_NAME = tip;
			};
			name = Release;
		};
/* End XCBuildConfiguration section */

/* Begin XCConfigurationList section */
		12D05A5A2583FC1200E15607 /* Build configuration list for PBXProject "tip" */ = {
			isa = XCConfigurationList;
			buildConfigurations = (
				12D05A872583FC1600E15607 /* Debug */,
				12D05A882583FC1600E15607 /* Release */,
			);
			defaultConfigurationIsVisible = 0;
			defaultConfigurationName = Release;
		};
		12D05A892583FC1600E15607 /* Build configuration list for PBXNativeTarget "tip" */ = {
			isa = XCConfigurationList;
			buildConfigurations = (
				12D05A8A2583FC1600E15607 /* Debug */,
				12D05A8B2583FC1600E15607 /* Release */,
			);
			defaultConfigurationIsVisible = 0;
			defaultConfigurationName = Release;
		};
		12D05A8C2583FC1600E15607 /* Build configuration list for PBXNativeTarget "tipTests" */ = {
			isa = XCConfigurationList;
			buildConfigurations = (
				12D05A8D2583FC1600E15607 /* Debug */,
				12D05A8E2583FC1600E15607 /* Release */,
			);
			defaultConfigurationIsVisible = 0;
			defaultConfigurationName = Release;
		};
		12D05A8F2583FC1600E15607 /* Build configuration list for PBXNativeTarget "tipUITests" */ = {
			isa = XCConfigurationList;
			buildConfigurations = (
				12D05A902583FC1600E15607 /* Debug */,
				12D05A912583FC1600E15607 /* Release */,
			);
			defaultConfigurationIsVisible = 0;
			defaultConfigurationName = Release;
		};
/* End XCConfigurationList section */
	};
	rootObject = 12D05A572583FC1200E15607 /* Project object */;
}
